
Microsoft Visual Studio Solution File, Format Version 12.00
# Visual Studio Version 17
VisualStudioVersion = 17.0.31903.59
MinimumVisualStudioVersion = 10.0.40219.1
Project("{FAE04EC0-301F-11D3-BF4B-00C04F79EFBC}") = "WPF_task1", "WPF_task1.csproj", "{DFA048A0-3B77-4CE5-9774-702FB57BEA7D}"
EndProject
Global
	GlobalSection(SolutionConfigurationPlatforms) = preSolution
		Debug|Any CPU = Debug|Any CPU
		Release|Any CPU = Release|Any CPU
	EndGlobalSection
	GlobalSection(ProjectConfigurationPlatforms) = postSolution
		{DFA048A0-3B77-4CE5-9774-702FB57BEA7D}.Debug|Any CPU.ActiveCfg = Debug|Any CPU
		{DFA048A0-3B77-4CE5-9774-702FB57BEA7D}.Debug|Any CPU.Build.0 = Debug|Any CPU
		{DFA048A0-3B77-4CE5-9774-702FB57BEA7D}.Release|Any CPU.ActiveCfg = Release|Any CPU
		{DFA048A0-3B77-4CE5-9774-702FB57BEA7D}.Release|Any CPU.Build.0 = Release|Any CPU
	EndGlobalSection
	GlobalSection(SolutionProperties) = preSolution
		HideSolutionNode = FALSE
	EndGlobalSection
	GlobalSection(ExtensibilityGlobals) = postSolution
		SolutionGuid = {41D17FEC-7E8C-4B18-AEFD-308754CCDF60}
	EndGlobalSection
EndGlobal
